// !$*UTF8*$!
{
	archiveVersion = 1;
	classes = {
	};
	objectVersion = 46;
	objects = {

/* Begin PBXBuildFile section */
		620644411831B20F0090DAB3 /* QuadTree.cpp in Sources */ = {isa = PBXBuildFile; fileRef = 6206443F1831B20F0090DAB3 /* QuadTree.cpp */; };
		6206444B1831B90F0090DAB3 /* BoundingBox.cpp in Sources */ = {isa = PBXBuildFile; fileRef = 620644491831B90F0090DAB3 /* BoundingBox.cpp */; };
		62FDE09C182B0DA4008C2DBA /* main.cpp in Sources */ = {isa = PBXBuildFile; fileRef = 62FDE09B182B0DA4008C2DBA /* main.cpp */; };
		62FDE0A5182B0DC0008C2DBA /* OpenGL.framework in Frameworks */ = {isa = PBXBuildFile; fileRef = 62FDE0A4182B0DC0008C2DBA /* OpenGL.framework */; };
		62FDE0A7182B0DC7008C2DBA /* GLUT.framework in Frameworks */ = {isa = PBXBuildFile; fileRef = 62FDE0A6182B0DC7008C2DBA /* GLUT.framework */; };
		62FDE0AB182C4590008C2DBA /* Camera.cpp in Sources */ = {isa = PBXBuildFile; fileRef = 62FDE0A9182C4590008C2DBA /* Camera.cpp */; };
		62FDE0AF182C55FF008C2DBA /* TerrainObject.cpp in Sources */ = {isa = PBXBuildFile; fileRef = 62FDE0AD182C55FF008C2DBA /* TerrainObject.cpp */; };
		62FDE0B4182C5620008C2DBA /* TerrainManager.cpp in Sources */ = {isa = PBXBuildFile; fileRef = 62FDE0B2182C5620008C2DBA /* TerrainManager.cpp */; };
/* End PBXBuildFile section */

/* Begin PBXCopyFilesBuildPhase section */
		62FDE096182B0DA4008C2DBA /* CopyFiles */ = {
			isa = PBXCopyFilesBuildPhase;
			buildActionMask = 2147483647;
			dstPath = /usr/share/man/man1/;
			dstSubfolderSpec = 0;
			files = (
			);
			runOnlyForDeploymentPostprocessing = 1;
		};
/* End PBXCopyFilesBuildPhase section */

/* Begin PBXFileReference section */
		6206443F1831B20F0090DAB3 /* QuadTree.cpp */ = {isa = PBXFileReference; fileEncoding = 4; lastKnownFileType = sourcecode.cpp.cpp; path = QuadTree.cpp; sourceTree = "<group>"; };
		620644401831B20F0090DAB3 /* QuadTree.h */ = {isa = PBXFileReference; fileEncoding = 4; lastKnownFileType = sourcecode.c.h; path = QuadTree.h; sourceTree = "<group>"; };
		620644491831B90F0090DAB3 /* BoundingBox.cpp */ = {isa = PBXFileReference; fileEncoding = 4; lastKnownFileType = sourcecode.cpp.cpp; path = BoundingBox.cpp; sourceTree = "<group>"; };
		6206444A1831B90F0090DAB3 /* BoundingBox.h */ = {isa = PBXFileReference; fileEncoding = 4; lastKnownFileType = sourcecode.c.h; path = BoundingBox.h; sourceTree = "<group>"; };
		62FDE098182B0DA4008C2DBA /* BattlezoneClone */ = {isa = PBXFileReference; explicitFileType = "compiled.mach-o.executable"; includeInIndex = 0; path = BattlezoneClone; sourceTree = BUILT_PRODUCTS_DIR; };
		62FDE09B182B0DA4008C2DBA /* main.cpp */ = {isa = PBXFileReference; lastKnownFileType = sourcecode.cpp.cpp; path = main.cpp; sourceTree = "<group>"; };
		62FDE0A4182B0DC0008C2DBA /* OpenGL.framework */ = {isa = PBXFileReference; lastKnownFileType = wrapper.framework; name = OpenGL.framework; path = System/Library/Frameworks/OpenGL.framework; sourceTree = SDKROOT; };
		62FDE0A6182B0DC7008C2DBA /* GLUT.framework */ = {isa = PBXFileReference; lastKnownFileType = wrapper.framework; name = GLUT.framework; path = System/Library/Frameworks/GLUT.framework; sourceTree = SDKROOT; };
		62FDE0A9182C4590008C2DBA /* Camera.cpp */ = {isa = PBXFileReference; fileEncoding = 4; lastKnownFileType = sourcecode.cpp.cpp; path = Camera.cpp; sourceTree = "<group>"; };
		62FDE0AA182C4590008C2DBA /* Camera.h */ = {isa = PBXFileReference; fileEncoding = 4; lastKnownFileType = sourcecode.c.h; path = Camera.h; sourceTree = "<group>"; };
		62FDE0AD182C55FF008C2DBA /* TerrainObject.cpp */ = {isa = PBXFileReference; fileEncoding = 4; lastKnownFileType = sourcecode.cpp.cpp; path = TerrainObject.cpp; sourceTree = "<group>"; };
		62FDE0AE182C55FF008C2DBA /* TerrainObject.h */ = {isa = PBXFileReference; fileEncoding = 4; lastKnownFileType = sourcecode.c.h; path = TerrainObject.h; sourceTree = "<group>"; };
		62FDE0B2182C5620008C2DBA /* TerrainManager.cpp */ = {isa = PBXFileReference; fileEncoding = 4; lastKnownFileType = sourcecode.cpp.cpp; path = TerrainManager.cpp; sourceTree = "<group>"; };
		62FDE0B3182C5620008C2DBA /* TerrainManager.h */ = {isa = PBXFileReference; fileEncoding = 4; lastKnownFileType = sourcecode.c.h; path = TerrainManager.h; sourceTree = "<group>"; };
/* End PBXFileReference section */

/* Begin PBXFrameworksBuildPhase section */
		62FDE095182B0DA4008C2DBA /* Frameworks */ = {
			isa = PBXFrameworksBuildPhase;
			buildActionMask = 2147483647;
			files = (
				62FDE0A7182B0DC7008C2DBA /* GLUT.framework in Frameworks */,
				62FDE0A5182B0DC0008C2DBA /* OpenGL.framework in Frameworks */,
			);
			runOnlyForDeploymentPostprocessing = 0;
		};
/* End PBXFrameworksBuildPhase section */

/* Begin PBXGroup section */
		6206443E1831B2020090DAB3 /* QuadTree */ = {
			isa = PBXGroup;
			children = (
				620644401831B20F0090DAB3 /* QuadTree.h */,
				6206443F1831B20F0090DAB3 /* QuadTree.cpp */,
			);
			name = QuadTree;
			sourceTree = "<group>";
		};
		620644481831B9020090DAB3 /* BoundingBox */ = {
			isa = PBXGroup;
			children = (
				6206444A1831B90F0090DAB3 /* BoundingBox.h */,
				620644491831B90F0090DAB3 /* BoundingBox.cpp */,
			);
			name = BoundingBox;
			sourceTree = "<group>";
		};
		6206444E1831EF9A0090DAB3 /* Colliision Logic */ = {
			isa = PBXGroup;
			children = (
				620644481831B9020090DAB3 /* BoundingBox */,
				6206443E1831B2020090DAB3 /* QuadTree */,
			);
			name = "Colliision Logic";
			sourceTree = "<group>";
		};
		62FDE08F182B0DA4008C2DBA = {
			isa = PBXGroup;
			children = (
				62FDE0A6182B0DC7008C2DBA /* GLUT.framework */,
				62FDE0A4182B0DC0008C2DBA /* OpenGL.framework */,
				62FDE09A182B0DA4008C2DBA /* BattlezoneClone */,
				62FDE099182B0DA4008C2DBA /* Products */,
			);
			sourceTree = "<group>";
		};
		62FDE099182B0DA4008C2DBA /* Products */ = {
			isa = PBXGroup;
			children = (
				62FDE098182B0DA4008C2DBA /* BattlezoneClone */,
			);
			name = Products;
			sourceTree = "<group>";
		};
		62FDE09A182B0DA4008C2DBA /* BattlezoneClone */ = {
			isa = PBXGroup;
			children = (
				62FDE09B182B0DA4008C2DBA /* main.cpp */,
				62FDE0A8182C4579008C2DBA /* Camera */,
				6206444E1831EF9A0090DAB3 /* Colliision Logic */,
				62FDE0B0182C5609008C2DBA /* Terrain */,
			);
			path = BattlezoneClone;
			sourceTree = "<group>";
		};
		62FDE0A8182C4579008C2DBA /* Camera */ = {
			isa = PBXGroup;
			children = (
				62FDE0AA182C4590008C2DBA /* Camera.h */,
				62FDE0A9182C4590008C2DBA /* Camera.cpp */,
			);
			name = Camera;
			sourceTree = "<group>";
		};
		62FDE0AC182C55E6008C2DBA /* TerrainObject */ = {
			isa = PBXGroup;
			children = (
				62FDE0AE182C55FF008C2DBA /* TerrainObject.h */,
				62FDE0AD182C55FF008C2DBA /* TerrainObject.cpp */,
			);
			name = TerrainObject;
			sourceTree = "<group>";
		};
		62FDE0B0182C5609008C2DBA /* Terrain */ = {
			isa = PBXGroup;
			children = (
				62FDE0B1182C5612008C2DBA /* TerrainManager */,
				62FDE0AC182C55E6008C2DBA /* TerrainObject */,
			);
			name = Terrain;
			sourceTree = "<group>";
		};
		62FDE0B1182C5612008C2DBA /* TerrainManager */ = {
			isa = PBXGroup;
			children = (
				62FDE0B3182C5620008C2DBA /* TerrainManager.h */,
				62FDE0B2182C5620008C2DBA /* TerrainManager.cpp */,
			);
			name = TerrainManager;
			sourceTree = "<group>";
		};
/* End PBXGroup section */

/* Begin PBXNativeTarget section */
		62FDE097182B0DA4008C2DBA /* BattlezoneClone */ = {
			isa = PBXNativeTarget;
			buildConfigurationList = 62FDE0A1182B0DA5008C2DBA /* Build configuration list for PBXNativeTarget "BattlezoneClone" */;
			buildPhases = (
				62FDE094182B0DA4008C2DBA /* Sources */,
				62FDE095182B0DA4008C2DBA /* Frameworks */,
				62FDE096182B0DA4008C2DBA /* CopyFiles */,
			);
			buildRules = (
			);
			dependencies = (
			);
			name = BattlezoneClone;
			productName = BattlezoneClone;
			productReference = 62FDE098182B0DA4008C2DBA /* BattlezoneClone */;
			productType = "com.apple.product-type.tool";
		};
/* End PBXNativeTarget section */

/* Begin PBXProject section */
		62FDE090182B0DA4008C2DBA /* Project object */ = {
			isa = PBXProject;
			attributes = {
				LastUpgradeCheck = 0500;
				ORGANIZATIONNAME = "Adam Cumiskey";
			};
			buildConfigurationList = 62FDE093182B0DA4008C2DBA /* Build configuration list for PBXProject "BattlezoneClone" */;
			compatibilityVersion = "Xcode 3.2";
			developmentRegion = English;
			hasScannedForEncodings = 0;
			knownRegions = (
				en,
			);
			mainGroup = 62FDE08F182B0DA4008C2DBA;
			productRefGroup = 62FDE099182B0DA4008C2DBA /* Products */;
			projectDirPath = "";
			projectRoot = "";
			targets = (
				62FDE097182B0DA4008C2DBA /* BattlezoneClone */,
			);
		};
/* End PBXProject section */

/* Begin PBXSourcesBuildPhase section */
		62FDE094182B0DA4008C2DBA /* Sources */ = {
			isa = PBXSourcesBuildPhase;
			buildActionMask = 2147483647;
			files = (
				620644411831B20F0090DAB3 /* QuadTree.cpp in Sources */,
				62FDE0AB182C4590008C2DBA /* Camera.cpp in Sources */,
				62FDE09C182B0DA4008C2DBA /* main.cpp in Sources */,
				6206444B1831B90F0090DAB3 /* BoundingBox.cpp in Sources */,
				62FDE0AF182C55FF008C2DBA /* TerrainObject.cpp in Sources */,
				62FDE0B4182C5620008C2DBA /* TerrainManager.cpp in Sources */,
			);
			runOnlyForDeploymentPostprocessing = 0;
		};
/* End PBXSourcesBuildPhase section */

/* Begin XCBuildConfiguration section */
		62FDE09F182B0DA4008C2DBA /* Debug */ = {
			isa = XCBuildConfiguration;
			buildSettings = {
				ALWAYS_SEARCH_USER_PATHS = NO;
				CLANG_CXX_LANGUAGE_STANDARD = "gnu++0x";
				CLANG_CXX_LIBRARY = "libc++";
				CLANG_ENABLE_OBJC_ARC = YES;
				CLANG_WARN_BOOL_CONVERSION = YES;
				CLANG_WARN_CONSTANT_CONVERSION = YES;
				CLANG_WARN_DIRECT_OBJC_ISA_USAGE = YES_ERROR;
				CLANG_WARN_EMPTY_BODY = YES;
				CLANG_WARN_ENUM_CONVERSION = YES;
				CLANG_WARN_INT_CONVERSION = YES;
				CLANG_WARN_OBJC_ROOT_CLASS = YES_ERROR;
				CLANG_WARN__DUPLICATE_METHOD_MATCH = YES;
				COPY_PHASE_STRIP = NO;
				GCC_C_LANGUAGE_STANDARD = gnu99;
				GCC_DYNAMIC_NO_PIC = NO;
				GCC_ENABLE_OBJC_EXCEPTIONS = YES;
				GCC_OPTIMIZATION_LEVEL = 0;
				GCC_PREPROCESSOR_DEFINITIONS = (
					"DEBUG=1",
					"$(inherited)",
				);
				GCC_SYMBOLS_PRIVATE_EXTERN = NO;
				GCC_WARN_64_TO_32_BIT_CONVERSION = YES;
				GCC_WARN_ABOUT_RETURN_TYPE = YES_ERROR;
				GCC_WARN_UNDECLARED_SELECTOR = YES;
				GCC_WARN_UNINITIALIZED_AUTOS = YES;
				GCC_WARN_UNUSED_FUNCTION = YES;
				GCC_WARN_UNUSED_VARIABLE = YES;
				MACOSX_DEPLOYMENT_TARGET = 10.9;
				ONLY_ACTIVE_ARCH = YES;
				SDKROOT = macosx;
			};
			name = Debug;
		};
		62FDE0A0182B0DA4008C2DBA /* Release */ = {
			isa = XCBuildConfiguration;
			buildSettings = {
				ALWAYS_SEARCH_USER_PATHS = NO;
				CLANG_CXX_LANGUAGE_STANDARD = "gnu++0x";
				CLANG_CXX_LIBRARY = "libc++";
				CLANG_ENABLE_OBJC_ARC = YES;
				CLANG_WARN_BOOL_CONVERSION = YES;
				CLANG_WARN_CONSTANT_CONVERSION = YES;
				CLANG_WARN_DIRECT_OBJC_ISA_USAGE = YES_ERROR;
				CLANG_WARN_EMPTY_BODY = YES;
				CLANG_WARN_ENUM_CONVERSION = YES;
				CLANG_WARN_INT_CONVERSION = YES;
				CLANG_WARN_OBJC_ROOT_CLASS = YES_ERROR;
				CLANG_WARN__DUPLICATE_METHOD_MATCH = YES;
				COPY_PHASE_STRIP = YES;
				DEBUG_INFORMATION_FORMAT = "dwarf-with-dsym";
				ENABLE_NS_ASSERTIONS = NO;
				GCC_C_LANGUAGE_STANDARD = gnu99;
				GCC_ENABLE_OBJC_EXCEPTIONS = YES;
				GCC_WARN_64_TO_32_BIT_CONVERSION = YES;
				GCC_WARN_ABOUT_RETURN_TYPE = YES_ERROR;
				GCC_WARN_UNDECLARED_SELECTOR = YES;
				GCC_WARN_UNINITIALIZED_AUTOS = YES;
				GCC_WARN_UNUSED_FUNCTION = YES;
				GCC_WARN_UNUSED_VARIABLE = YES;
				MACOSX_DEPLOYMENT_TARGET = 10.9;
				SDKROOT = macosx;
			};
			name = Release;
		};
		62FDE0A2182B0DA5008C2DBA /* Debug */ = {
			isa = XCBuildConfiguration;
			buildSettings = {
				GCC_WARN_ABOUT_DEPRECATED_FUNCTIONS = NO;
				PRODUCT_NAME = "$(TARGET_NAME)";
			};
			name = Debug;
		};
		62FDE0A3182B0DA5008C2DBA /* Release */ = {
			isa = XCBuildConfiguration;
			buildSettings = {
				GCC_WARN_ABOUT_DEPRECATED_FUNCTIONS = NO;
				PRODUCT_NAME = "$(TARGET_NAME)";
			};
			name = Release;
		};
/* End XCBuildConfiguration section */

/* Begin XCConfigurationList section */
		62FDE093182B0DA4008C2DBA /* Build configuration list for PBXProject "BattlezoneClone" */ = {
			isa = XCConfigurationList;
			buildConfigurations = (
				62FDE09F182B0DA4008C2DBA /* Debug */,
				62FDE0A0182B0DA4008C2DBA /* Release */,
			);
			defaultConfigurationIsVisible = 0;
			defaultConfigurationName = Release;
		};
		62FDE0A1182B0DA5008C2DBA /* Build configuration list for PBXNativeTarget "BattlezoneClone" */ = {
			isa = XCConfigurationList;
			buildConfigurations = (
				62FDE0A2182B0DA5008C2DBA /* Debug */,
				62FDE0A3182B0DA5008C2DBA /* Release */,
			);
			defaultConfigurationIsVisible = 0;
			defaultConfigurationName = Release;
		};
/* End XCConfigurationList section */
	};
	rootObject = 62FDE090182B0DA4008C2DBA /* Project object */;
}
